// !$*UTF8*$!
{
	archiveVersion = 1;
	classes = {
	};
	objectVersion = 46;
	objects = {

/* Begin PBXBuildFile section */
		2C201AB818F91D95008B4F31 /* PostsTableCell.xib in Resources */ = {isa = PBXBuildFile; fileRef = 2C201AB718F91D95008B4F31 /* PostsTableCell.xib */; };
		2C58931718E7A88400E392B6 /* UIColor+Extras.m in Sources */ = {isa = PBXBuildFile; fileRef = 2C58931618E7A88400E392B6 /* UIColor+Extras.m */; };
		2C58932318E7C08F00E392B6 /* MPTextView.m in Sources */ = {isa = PBXBuildFile; fileRef = 2C58932218E7C08F00E392B6 /* MPTextView.m */; };
		2C66ADFA18EFEAD500886313 /* SettingsViewController.m in Sources */ = {isa = PBXBuildFile; fileRef = 2C66ADF918EFEAD500886313 /* SettingsViewController.m */; };
		2CE24AA518E4F5C40091D406 /* Foundation.framework in Frameworks */ = {isa = PBXBuildFile; fileRef = 2CE24AA418E4F5C40091D406 /* Foundation.framework */; };
		2CE24AA718E4F5C40091D406 /* CoreGraphics.framework in Frameworks */ = {isa = PBXBuildFile; fileRef = 2CE24AA618E4F5C40091D406 /* CoreGraphics.framework */; };
		2CE24AA918E4F5C40091D406 /* UIKit.framework in Frameworks */ = {isa = PBXBuildFile; fileRef = 2CE24AA818E4F5C40091D406 /* UIKit.framework */; };
		2CE24AAF18E4F5C40091D406 /* InfoPlist.strings in Resources */ = {isa = PBXBuildFile; fileRef = 2CE24AAD18E4F5C40091D406 /* InfoPlist.strings */; };
		2CE24AB118E4F5C40091D406 /* main.m in Sources */ = {isa = PBXBuildFile; fileRef = 2CE24AB018E4F5C40091D406 /* main.m */; };
		2CE24AB518E4F5C40091D406 /* GAIAppDelegate.m in Sources */ = {isa = PBXBuildFile; fileRef = 2CE24AB418E4F5C40091D406 /* GAIAppDelegate.m */; };
		2CE24AB818E4F5C40091D406 /* Main.storyboard in Resources */ = {isa = PBXBuildFile; fileRef = 2CE24AB618E4F5C40091D406 /* Main.storyboard */; };
		2CE24ABB18E4F5C40091D406 /* GAIMasterViewController.m in Sources */ = {isa = PBXBuildFile; fileRef = 2CE24ABA18E4F5C40091D406 /* GAIMasterViewController.m */; };
		2CE24ABE18E4F5C40091D406 /* GAIDetailViewController.m in Sources */ = {isa = PBXBuildFile; fileRef = 2CE24ABD18E4F5C40091D406 /* GAIDetailViewController.m */; };
		2CE24AC018E4F5C40091D406 /* Images.xcassets in Resources */ = {isa = PBXBuildFile; fileRef = 2CE24ABF18E4F5C40091D406 /* Images.xcassets */; };
		2CE24AC718E4F5C40091D406 /* XCTest.framework in Frameworks */ = {isa = PBXBuildFile; fileRef = 2CE24AC618E4F5C40091D406 /* XCTest.framework */; };
		2CE24AC818E4F5C40091D406 /* Foundation.framework in Frameworks */ = {isa = PBXBuildFile; fileRef = 2CE24AA418E4F5C40091D406 /* Foundation.framework */; };
		2CE24AC918E4F5C40091D406 /* UIKit.framework in Frameworks */ = {isa = PBXBuildFile; fileRef = 2CE24AA818E4F5C40091D406 /* UIKit.framework */; };
		2CE24AD118E4F5C40091D406 /* InfoPlist.strings in Resources */ = {isa = PBXBuildFile; fileRef = 2CE24ACF18E4F5C40091D406 /* InfoPlist.strings */; };
		2CE24AD318E4F5C40091D406 /* Angel_EdTests.m in Sources */ = {isa = PBXBuildFile; fileRef = 2CE24AD218E4F5C40091D406 /* Angel_EdTests.m */; };
		2CE24ADE18E4F8E30091D406 /* Posts.m in Sources */ = {isa = PBXBuildFile; fileRef = 2CE24ADD18E4F8E30091D406 /* Posts.m */; };
/* End PBXBuildFile section */

/* Begin PBXContainerItemProxy section */
		2CE24ACA18E4F5C40091D406 /* PBXContainerItemProxy */ = {
			isa = PBXContainerItemProxy;
			containerPortal = 2CE24A9918E4F5C40091D406 /* Project object */;
			proxyType = 1;
			remoteGlobalIDString = 2CE24AA018E4F5C40091D406;
			remoteInfo = "Angel Ed";
		};
/* End PBXContainerItemProxy section */

/* Begin PBXFileReference section */
		2C201AB718F91D95008B4F31 /* PostsTableCell.xib */ = {isa = PBXFileReference; fileEncoding = 4; lastKnownFileType = file.xib; path = PostsTableCell.xib; sourceTree = "<group>"; };
		2C58931518E7A88400E392B6 /* UIColor+Extras.h */ = {isa = PBXFileReference; fileEncoding = 4; lastKnownFileType = sourcecode.c.h; path = "UIColor+Extras.h"; sourceTree = "<group>"; };
		2C58931618E7A88400E392B6 /* UIColor+Extras.m */ = {isa = PBXFileReference; fileEncoding = 4; lastKnownFileType = sourcecode.c.objc; path = "UIColor+Extras.m"; sourceTree = "<group>"; };
		2C58932118E7C08F00E392B6 /* MPTextView.h */ = {isa = PBXFileReference; fileEncoding = 4; lastKnownFileType = sourcecode.c.h; path = MPTextView.h; sourceTree = "<group>"; };
		2C58932218E7C08F00E392B6 /* MPTextView.m */ = {isa = PBXFileReference; fileEncoding = 4; lastKnownFileType = sourcecode.c.objc; path = MPTextView.m; sourceTree = "<group>"; };
		2C66ADF818EFEAD500886313 /* SettingsViewController.h */ = {isa = PBXFileReference; fileEncoding = 4; lastKnownFileType = sourcecode.c.h; path = SettingsViewController.h; sourceTree = "<group>"; };
		2C66ADF918EFEAD500886313 /* SettingsViewController.m */ = {isa = PBXFileReference; fileEncoding = 4; lastKnownFileType = sourcecode.c.objc; path = SettingsViewController.m; sourceTree = "<group>"; };
		2CE24AA118E4F5C40091D406 /* Angel Ed.app */ = {isa = PBXFileReference; explicitFileType = wrapper.application; includeInIndex = 0; path = "Angel Ed.app"; sourceTree = BUILT_PRODUCTS_DIR; };
		2CE24AA418E4F5C40091D406 /* Foundation.framework */ = {isa = PBXFileReference; lastKnownFileType = wrapper.framework; name = Foundation.framework; path = System/Library/Frameworks/Foundation.framework; sourceTree = SDKROOT; };
		2CE24AA618E4F5C40091D406 /* CoreGraphics.framework */ = {isa = PBXFileReference; lastKnownFileType = wrapper.framework; name = CoreGraphics.framework; path = System/Library/Frameworks/CoreGraphics.framework; sourceTree = SDKROOT; };
		2CE24AA818E4F5C40091D406 /* UIKit.framework */ = {isa = PBXFileReference; lastKnownFileType = wrapper.framework; name = UIKit.framework; path = System/Library/Frameworks/UIKit.framework; sourceTree = SDKROOT; };
		2CE24AAC18E4F5C40091D406 /* Angel Ed-Info.plist */ = {isa = PBXFileReference; lastKnownFileType = text.plist.xml; path = "Angel Ed-Info.plist"; sourceTree = "<group>"; };
		2CE24AAE18E4F5C40091D406 /* en */ = {isa = PBXFileReference; lastKnownFileType = text.plist.strings; name = en; path = en.lproj/InfoPlist.strings; sourceTree = "<group>"; };
		2CE24AB018E4F5C40091D406 /* main.m */ = {isa = PBXFileReference; lastKnownFileType = sourcecode.c.objc; path = main.m; sourceTree = "<group>"; };
		2CE24AB218E4F5C40091D406 /* Angel Ed-Prefix.pch */ = {isa = PBXFileReference; lastKnownFileType = sourcecode.c.h; path = "Angel Ed-Prefix.pch"; sourceTree = "<group>"; };
		2CE24AB318E4F5C40091D406 /* GAIAppDelegate.h */ = {isa = PBXFileReference; lastKnownFileType = sourcecode.c.h; path = GAIAppDelegate.h; sourceTree = "<group>"; };
		2CE24AB418E4F5C40091D406 /* GAIAppDelegate.m */ = {isa = PBXFileReference; lastKnownFileType = sourcecode.c.objc; path = GAIAppDelegate.m; sourceTree = "<group>"; };
		2CE24AB718E4F5C40091D406 /* Base */ = {isa = PBXFileReference; lastKnownFileType = file.storyboard; name = Base; path = Base.lproj/Main.storyboard; sourceTree = "<group>"; };
		2CE24AB918E4F5C40091D406 /* GAIMasterViewController.h */ = {isa = PBXFileReference; lastKnownFileType = sourcecode.c.h; path = GAIMasterViewController.h; sourceTree = "<group>"; };
		2CE24ABA18E4F5C40091D406 /* GAIMasterViewController.m */ = {isa = PBXFileReference; lastKnownFileType = sourcecode.c.objc; path = GAIMasterViewController.m; sourceTree = "<group>"; };
		2CE24ABC18E4F5C40091D406 /* GAIDetailViewController.h */ = {isa = PBXFileReference; lastKnownFileType = sourcecode.c.h; path = GAIDetailViewController.h; sourceTree = "<group>"; };
		2CE24ABD18E4F5C40091D406 /* GAIDetailViewController.m */ = {isa = PBXFileReference; lastKnownFileType = sourcecode.c.objc; path = GAIDetailViewController.m; sourceTree = "<group>"; };
		2CE24ABF18E4F5C40091D406 /* Images.xcassets */ = {isa = PBXFileReference; lastKnownFileType = folder.assetcatalog; path = Images.xcassets; sourceTree = "<group>"; };
		2CE24AC518E4F5C40091D406 /* Angel EdTests.xctest */ = {isa = PBXFileReference; explicitFileType = wrapper.cfbundle; includeInIndex = 0; path = "Angel EdTests.xctest"; sourceTree = BUILT_PRODUCTS_DIR; };
		2CE24AC618E4F5C40091D406 /* XCTest.framework */ = {isa = PBXFileReference; lastKnownFileType = wrapper.framework; name = XCTest.framework; path = Library/Frameworks/XCTest.framework; sourceTree = DEVELOPER_DIR; };
		2CE24ACE18E4F5C40091D406 /* Angel EdTests-Info.plist */ = {isa = PBXFileReference; lastKnownFileType = text.plist.xml; path = "Angel EdTests-Info.plist"; sourceTree = "<group>"; };
		2CE24AD018E4F5C40091D406 /* en */ = {isa = PBXFileReference; lastKnownFileType = text.plist.strings; name = en; path = en.lproj/InfoPlist.strings; sourceTree = "<group>"; };
		2CE24AD218E4F5C40091D406 /* Angel_EdTests.m */ = {isa = PBXFileReference; lastKnownFileType = sourcecode.c.objc; path = Angel_EdTests.m; sourceTree = "<group>"; };
		2CE24ADC18E4F8E30091D406 /* Posts.h */ = {isa = PBXFileReference; fileEncoding = 4; lastKnownFileType = sourcecode.c.h; path = Posts.h; sourceTree = "<group>"; };
		2CE24ADD18E4F8E30091D406 /* Posts.m */ = {isa = PBXFileReference; fileEncoding = 4; lastKnownFileType = sourcecode.c.objc; path = Posts.m; sourceTree = "<group>"; };
/* End PBXFileReference section */

/* Begin PBXFrameworksBuildPhase section */
		2CE24A9E18E4F5C40091D406 /* Frameworks */ = {
			isa = PBXFrameworksBuildPhase;
			buildActionMask = 2147483647;
			files = (
				2CE24AA718E4F5C40091D406 /* CoreGraphics.framework in Frameworks */,
				2CE24AA918E4F5C40091D406 /* UIKit.framework in Frameworks */,
				2CE24AA518E4F5C40091D406 /* Foundation.framework in Frameworks */,
			);
			runOnlyForDeploymentPostprocessing = 0;
		};
		2CE24AC218E4F5C40091D406 /* Frameworks */ = {
			isa = PBXFrameworksBuildPhase;
			buildActionMask = 2147483647;
			files = (
				2CE24AC718E4F5C40091D406 /* XCTest.framework in Frameworks */,
				2CE24AC918E4F5C40091D406 /* UIKit.framework in Frameworks */,
				2CE24AC818E4F5C40091D406 /* Foundation.framework in Frameworks */,
			);
			runOnlyForDeploymentPostprocessing = 0;
		};
/* End PBXFrameworksBuildPhase section */

/* Begin PBXGroup section */
		2C201AB618F91D2E008B4F31 /* TableCell */ = {
			isa = PBXGroup;
			children = (
				2C201AB718F91D95008B4F31 /* PostsTableCell.xib */,
			);
			name = TableCell;
			sourceTree = "<group>";
		};
		2CE24A9818E4F5C40091D406 = {
			isa = PBXGroup;
			children = (
				2CE24AB618E4F5C40091D406 /* Main.storyboard */,
				2CE24AAA18E4F5C40091D406 /* Angel Ed */,
				2CE24ACC18E4F5C40091D406 /* Angel EdTests */,
				2CE24AA318E4F5C40091D406 /* Frameworks */,
				2CE24AA218E4F5C40091D406 /* Products */,
			);
			sourceTree = "<group>";
		};
		2CE24AA218E4F5C40091D406 /* Products */ = {
			isa = PBXGroup;
			children = (
				2CE24AA118E4F5C40091D406 /* Angel Ed.app */,
				2CE24AC518E4F5C40091D406 /* Angel EdTests.xctest */,
			);
			name = Products;
			sourceTree = "<group>";
		};
		2CE24AA318E4F5C40091D406 /* Frameworks */ = {
			isa = PBXGroup;
			children = (
				2CE24AA418E4F5C40091D406 /* Foundation.framework */,
				2CE24AA618E4F5C40091D406 /* CoreGraphics.framework */,
				2CE24AA818E4F5C40091D406 /* UIKit.framework */,
				2CE24AC618E4F5C40091D406 /* XCTest.framework */,
			);
			name = Frameworks;
			sourceTree = "<group>";
		};
		2CE24AAA18E4F5C40091D406 /* Angel Ed */ = {
			isa = PBXGroup;
			children = (
				2C201AB618F91D2E008B4F31 /* TableCell */,
				2CE24AB318E4F5C40091D406 /* GAIAppDelegate.h */,
				2CE24AB418E4F5C40091D406 /* GAIAppDelegate.m */,
				2CE24AB918E4F5C40091D406 /* GAIMasterViewController.h */,
				2CE24ABA18E4F5C40091D406 /* GAIMasterViewController.m */,
				2CE24ABC18E4F5C40091D406 /* GAIDetailViewController.h */,
				2CE24ABD18E4F5C40091D406 /* GAIDetailViewController.m */,
				2CE24ABF18E4F5C40091D406 /* Images.xcassets */,
				2CE24AAB18E4F5C40091D406 /* Supporting Files */,
				2CE24ADC18E4F8E30091D406 /* Posts.h */,
				2CE24ADD18E4F8E30091D406 /* Posts.m */,
				2C58931518E7A88400E392B6 /* UIColor+Extras.h */,
				2C58931618E7A88400E392B6 /* UIColor+Extras.m */,
				2C58932118E7C08F00E392B6 /* MPTextView.h */,
				2C58932218E7C08F00E392B6 /* MPTextView.m */,
				2C66ADF818EFEAD500886313 /* SettingsViewController.h */,
				2C66ADF918EFEAD500886313 /* SettingsViewController.m */,
			);
			path = "Angel Ed";
			sourceTree = "<group>";
		};
		2CE24AAB18E4F5C40091D406 /* Supporting Files */ = {
			isa = PBXGroup;
			children = (
				2CE24AAC18E4F5C40091D406 /* Angel Ed-Info.plist */,
				2CE24AAD18E4F5C40091D406 /* InfoPlist.strings */,
				2CE24AB018E4F5C40091D406 /* main.m */,
				2CE24AB218E4F5C40091D406 /* Angel Ed-Prefix.pch */,
			);
			name = "Supporting Files";
			sourceTree = "<group>";
		};
		2CE24ACC18E4F5C40091D406 /* Angel EdTests */ = {
			isa = PBXGroup;
			children = (
				2CE24AD218E4F5C40091D406 /* Angel_EdTests.m */,
				2CE24ACD18E4F5C40091D406 /* Supporting Files */,
			);
			path = "Angel EdTests";
			sourceTree = "<group>";
		};
		2CE24ACD18E4F5C40091D406 /* Supporting Files */ = {
			isa = PBXGroup;
			children = (
				2CE24ACE18E4F5C40091D406 /* Angel EdTests-Info.plist */,
				2CE24ACF18E4F5C40091D406 /* InfoPlist.strings */,
			);
			name = "Supporting Files";
			sourceTree = "<group>";
		};
/* End PBXGroup section */

/* Begin PBXNativeTarget section */
		2CE24AA018E4F5C40091D406 /* Angel Ed */ = {
			isa = PBXNativeTarget;
			buildConfigurationList = 2CE24AD618E4F5C40091D406 /* Build configuration list for PBXNativeTarget "Angel Ed" */;
			buildPhases = (
				2CE24A9D18E4F5C40091D406 /* Sources */,
				2CE24A9E18E4F5C40091D406 /* Frameworks */,
				2CE24A9F18E4F5C40091D406 /* Resources */,
			);
			buildRules = (
			);
			dependencies = (
			);
			name = "Angel Ed";
			productName = "Angel Ed";
			productReference = 2CE24AA118E4F5C40091D406 /* Angel Ed.app */;
			productType = "com.apple.product-type.application";
		};
		2CE24AC418E4F5C40091D406 /* Angel EdTests */ = {
			isa = PBXNativeTarget;
			buildConfigurationList = 2CE24AD918E4F5C40091D406 /* Build configuration list for PBXNativeTarget "Angel EdTests" */;
			buildPhases = (
				2CE24AC118E4F5C40091D406 /* Sources */,
				2CE24AC218E4F5C40091D406 /* Frameworks */,
				2CE24AC318E4F5C40091D406 /* Resources */,
			);
			buildRules = (
			);
			dependencies = (
				2CE24ACB18E4F5C40091D406 /* PBXTargetDependency */,
			);
			name = "Angel EdTests";
			productName = "Angel EdTests";
			productReference = 2CE24AC518E4F5C40091D406 /* Angel EdTests.xctest */;
			productType = "com.apple.product-type.bundle.unit-test";
		};
/* End PBXNativeTarget section */

/* Begin PBXProject section */
		2CE24A9918E4F5C40091D406 /* Project object */ = {
			isa = PBXProject;
			attributes = {
				CLASSPREFIX = GAI;
				LastUpgradeCheck = 0510;
				ORGANIZATIONNAME = "Global App Initiative";
				TargetAttributes = {
					2CE24AC418E4F5C40091D406 = {
						TestTargetID = 2CE24AA018E4F5C40091D406;
					};
				};
			};
			buildConfigurationList = 2CE24A9C18E4F5C40091D406 /* Build configuration list for PBXProject "Angel Ed" */;
			compatibilityVersion = "Xcode 3.2";
			developmentRegion = English;
			hasScannedForEncodings = 0;
			knownRegions = (
				en,
				Base,
			);
			mainGroup = 2CE24A9818E4F5C40091D406;
			productRefGroup = 2CE24AA218E4F5C40091D406 /* Products */;
			projectDirPath = "";
			projectRoot = "";
			targets = (
				2CE24AA018E4F5C40091D406 /* Angel Ed */,
				2CE24AC418E4F5C40091D406 /* Angel EdTests */,
			);
		};
/* End PBXProject section */

/* Begin PBXResourcesBuildPhase section */
		2CE24A9F18E4F5C40091D406 /* Resources */ = {
			isa = PBXResourcesBuildPhase;
			buildActionMask = 2147483647;
			files = (
				2C201AB818F91D95008B4F31 /* PostsTableCell.xib in Resources */,
				2CE24AC018E4F5C40091D406 /* Images.xcassets in Resources */,
				2CE24AAF18E4F5C40091D406 /* InfoPlist.strings in Resources */,
				2CE24AB818E4F5C40091D406 /* Main.storyboard in Resources */,
			);
			runOnlyForDeploymentPostprocessing = 0;
		};
		2CE24AC318E4F5C40091D406 /* Resources */ = {
			isa = PBXResourcesBuildPhase;
			buildActionMask = 2147483647;
			files = (
				2CE24AD118E4F5C40091D406 /* InfoPlist.strings in Resources */,
			);
			runOnlyForDeploymentPostprocessing = 0;
		};
/* End PBXResourcesBuildPhase section */

/* Begin PBXSourcesBuildPhase section */
		2CE24A9D18E4F5C40091D406 /* Sources */ = {
			isa = PBXSourcesBuildPhase;
			buildActionMask = 2147483647;
			files = (
				2C58931718E7A88400E392B6 /* UIColor+Extras.m in Sources */,
				2CE24AB518E4F5C40091D406 /* GAIAppDelegate.m in Sources */,
				2CE24ABB18E4F5C40091D406 /* GAIMasterViewController.m in Sources */,
				2C66ADFA18EFEAD500886313 /* SettingsViewController.m in Sources */,
				2CE24AB118E4F5C40091D406 /* main.m in Sources */,
				2C58932318E7C08F00E392B6 /* MPTextView.m in Sources */,
				2CE24ABE18E4F5C40091D406 /* GAIDetailViewController.m in Sources */,
				2CE24ADE18E4F8E30091D406 /* Posts.m in Sources */,
			);
			runOnlyForDeploymentPostprocessing = 0;
		};
		2CE24AC118E4F5C40091D406 /* Sources */ = {
			isa = PBXSourcesBuildPhase;
			buildActionMask = 2147483647;
			files = (
				2CE24AD318E4F5C40091D406 /* Angel_EdTests.m in Sources */,
			);
			runOnlyForDeploymentPostprocessing = 0;
		};
/* End PBXSourcesBuildPhase section */

/* Begin PBXTargetDependency section */
		2CE24ACB18E4F5C40091D406 /* PBXTargetDependency */ = {
			isa = PBXTargetDependency;
			target = 2CE24AA018E4F5C40091D406 /* Angel Ed */;
			targetProxy = 2CE24ACA18E4F5C40091D406 /* PBXContainerItemProxy */;
		};
/* End PBXTargetDependency section */

/* Begin PBXVariantGroup section */
		2CE24AAD18E4F5C40091D406 /* InfoPlist.strings */ = {
			isa = PBXVariantGroup;
			children = (
				2CE24AAE18E4F5C40091D406 /* en */,
			);
			name = InfoPlist.strings;
			sourceTree = "<group>";
		};
		2CE24AB618E4F5C40091D406 /* Main.storyboard */ = {
			isa = PBXVariantGroup;
			children = (
				2CE24AB718E4F5C40091D406 /* Base */,
			);
			name = Main.storyboard;
			path = "Angel Ed";
			sourceTree = "<group>";
		};
		2CE24ACF18E4F5C40091D406 /* InfoPlist.strings */ = {
			isa = PBXVariantGroup;
			children = (
				2CE24AD018E4F5C40091D406 /* en */,
			);
			name = InfoPlist.strings;
			sourceTree = "<group>";
		};
/* End PBXVariantGroup section */

/* Begin XCBuildConfiguration section */
		2CE24AD418E4F5C40091D406 /* Debug */ = {
			isa = XCBuildConfiguration;
			buildSettings = {
				ALWAYS_SEARCH_USER_PATHS = NO;
				CLANG_CXX_LANGUAGE_STANDARD = "gnu++0x";
				CLANG_CXX_LIBRARY = "libc++";
				CLANG_ENABLE_MODULES = YES;
				CLANG_ENABLE_OBJC_ARC = YES;
				CLANG_WARN_BOOL_CONVERSION = YES;
				CLANG_WARN_CONSTANT_CONVERSION = YES;
				CLANG_WARN_DIRECT_OBJC_ISA_USAGE = YES_ERROR;
				CLANG_WARN_EMPTY_BODY = YES;
				CLANG_WARN_ENUM_CONVERSION = YES;
				CLANG_WARN_INT_CONVERSION = YES;
				CLANG_WARN_OBJC_ROOT_CLASS = YES_ERROR;
				CLANG_WARN__DUPLICATE_METHOD_MATCH = YES;
				"CODE_SIGN_IDENTITY[sdk=iphoneos*]" = "iPhone Developer";
				COPY_PHASE_STRIP = NO;
				GCC_C_LANGUAGE_STANDARD = gnu99;
				GCC_DYNAMIC_NO_PIC = NO;
				GCC_OPTIMIZATION_LEVEL = 0;
				GCC_PREPROCESSOR_DEFINITIONS = (
					"DEBUG=1",
					"$(inherited)",
				);
				GCC_SYMBOLS_PRIVATE_EXTERN = NO;
				GCC_WARN_64_TO_32_BIT_CONVERSION = YES;
				GCC_WARN_ABOUT_RETURN_TYPE = YES_ERROR;
				GCC_WARN_UNDECLARED_SELECTOR = YES;
				GCC_WARN_UNINITIALIZED_AUTOS = YES_AGGRESSIVE;
				GCC_WARN_UNUSED_FUNCTION = YES;
				GCC_WARN_UNUSED_VARIABLE = YES;
				IPHONEOS_DEPLOYMENT_TARGET = 7.0;
				ONLY_ACTIVE_ARCH = YES;
				SDKROOT = iphoneos;
			};
			name = Debug;
		};
		2CE24AD518E4F5C40091D406 /* Release */ = {
			isa = XCBuildConfiguration;
			buildSettings = {
				ALWAYS_SEARCH_USER_PATHS = NO;
				CLANG_CXX_LANGUAGE_STANDARD = "gnu++0x";
				CLANG_CXX_LIBRARY = "libc++";
				CLANG_ENABLE_MODULES = YES;
				CLANG_ENABLE_OBJC_ARC = YES;
				CLANG_WARN_BOOL_CONVERSION = YES;
				CLANG_WARN_CONSTANT_CONVERSION = YES;
				CLANG_WARN_DIRECT_OBJC_ISA_USAGE = YES_ERROR;
				CLANG_WARN_EMPTY_BODY = YES;
				CLANG_WARN_ENUM_CONVERSION = YES;
				CLANG_WARN_INT_CONVERSION = YES;
				CLANG_WARN_OBJC_ROOT_CLASS = YES_ERROR;
				CLANG_WARN__DUPLICATE_METHOD_MATCH = YES;
				"CODE_SIGN_IDENTITY[sdk=iphoneos*]" = "iPhone Developer";
				COPY_PHASE_STRIP = YES;
				ENABLE_NS_ASSERTIONS = NO;
				GCC_C_LANGUAGE_STANDARD = gnu99;
				GCC_WARN_64_TO_32_BIT_CONVERSION = YES;
				GCC_WARN_ABOUT_RETURN_TYPE = YES_ERROR;
				GCC_WARN_UNDECLARED_SELECTOR = YES;
				GCC_WARN_UNINITIALIZED_AUTOS = YES_AGGRESSIVE;
				GCC_WARN_UNUSED_FUNCTION = YES;
				GCC_WARN_UNUSED_VARIABLE = YES;
				IPHONEOS_DEPLOYMENT_TARGET = 7.0;
				SDKROOT = iphoneos;
				VALIDATE_PRODUCT = YES;
			};
			name = Release;
		};
		2CE24AD718E4F5C40091D406 /* Debug */ = {
			isa = XCBuildConfiguration;
			buildSettings = {
				ASSETCATALOG_COMPILER_APPICON_NAME = AppIcon;
				ASSETCATALOG_COMPILER_LAUNCHIMAGE_NAME = LaunchImage;
				GCC_PRECOMPILE_PREFIX_HEADER = YES;
				GCC_PREFIX_HEADER = "Angel Ed/Angel Ed-Prefix.pch";
				INFOPLIST_FILE = "Angel Ed/Angel Ed-Info.plist";
				IPHONEOS_DEPLOYMENT_TARGET = 7.0;
				PRODUCT_NAME = "$(TARGET_NAME)";
				WRAPPER_EXTENSION = app;
			};
			name = Debug;
		};
		2CE24AD818E4F5C40091D406 /* Release */ = {
			isa = XCBuildConfiguration;
			buildSettings = {
				ASSETCATALOG_COMPILER_APPICON_NAME = AppIcon;
				ASSETCATALOG_COMPILER_LAUNCHIMAGE_NAME = LaunchImage;
				GCC_PRECOMPILE_PREFIX_HEADER = YES;
				GCC_PREFIX_HEADER = "Angel Ed/Angel Ed-Prefix.pch";
				INFOPLIST_FILE = "Angel Ed/Angel Ed-Info.plist";
				IPHONEOS_DEPLOYMENT_TARGET = 7.0;
				PRODUCT_NAME = "$(TARGET_NAME)";
				WRAPPER_EXTENSION = app;
			};
			name = Release;
		};
		2CE24ADA18E4F5C40091D406 /* Debug */ = {
			isa = XCBuildConfiguration;
			buildSettings = {
				BUNDLE_LOADER = "$(BUILT_PRODUCTS_DIR)/Angel Ed.app/Angel Ed";
				FRAMEWORK_SEARCH_PATHS = (
					"$(SDKROOT)/Developer/Library/Frameworks",
					"$(inherited)",
					"$(DEVELOPER_FRAMEWORKS_DIR)",
				);
				GCC_PRECOMPILE_PREFIX_HEADER = YES;
				GCC_PREFIX_HEADER = "Angel Ed/Angel Ed-Prefix.pch";
				GCC_PREPROCESSOR_DEFINITIONS = (
					"DEBUG=1",
					"$(inherited)",
				);
				INFOPLIST_FILE = "Angel EdTests/Angel EdTests-Info.plist";
				PRODUCT_NAME = "$(TARGET_NAME)";
				TEST_HOST = "$(BUNDLE_LOADER)";
				WRAPPER_EXTENSION = xctest;
			};
			name = Debug;
		};
		2CE24ADB18E4F5C40091D406 /* Release */ = {
			isa = XCBuildConfiguration;
			buildSettings = {
				BUNDLE_LOADER = "$(BUILT_PRODUCTS_DIR)/Angel Ed.app/Angel Ed";
				FRAMEWORK_SEARCH_PATHS = (
					"$(SDKROOT)/Developer/Library/Frameworks",
					"$(inherited)",
					"$(DEVELOPER_FRAMEWORKS_DIR)",
				);
				GCC_PRECOMPILE_PREFIX_HEADER = YES;
				GCC_PREFIX_HEADER = "Angel Ed/Angel Ed-Prefix.pch";
				INFOPLIST_FILE = "Angel EdTests/Angel EdTests-Info.plist";
				PRODUCT_NAME = "$(TARGET_NAME)";
				TEST_HOST = "$(BUNDLE_LOADER)";
				WRAPPER_EXTENSION = xctest;
			};
			name = Release;
		};
/* End XCBuildConfiguration section */

/* Begin XCConfigurationList section */
		2CE24A9C18E4F5C40091D406 /* Build configuration list for PBXProject "Angel Ed" */ = {
			isa = XCConfigurationList;
			buildConfigurations = (
				2CE24AD418E4F5C40091D406 /* Debug */,
				2CE24AD518E4F5C40091D406 /* Release */,
			);
			defaultConfigurationIsVisible = 0;
			defaultConfigurationName = Release;
		};
		2CE24AD618E4F5C40091D406 /* Build configuration list for PBXNativeTarget "Angel Ed" */ = {
			isa = XCConfigurationList;
			buildConfigurations = (
				2CE24AD718E4F5C40091D406 /* Debug */,
				2CE24AD818E4F5C40091D406 /* Release */,
			);
			defaultConfigurationIsVisible = 0;
			defaultConfigurationName = Release;
		};
		2CE24AD918E4F5C40091D406 /* Build configuration list for PBXNativeTarget "Angel EdTests" */ = {
			isa = XCConfigurationList;
			buildConfigurations = (
				2CE24ADA18E4F5C40091D406 /* Debug */,
				2CE24ADB18E4F5C40091D406 /* Release */,
			);
			defaultConfigurationIsVisible = 0;
			defaultConfigurationName = Release;
		};
/* End XCConfigurationList section */
	};
	rootObject = 2CE24A9918E4F5C40091D406 /* Project object */;
}
